
Microsoft Visual Studio Solution File, Format Version 12.00
# Visual Studio Version 16
VisualStudioVersion = 16.0.33027.164
MinimumVisualStudioVersion = 10.0.40219.1
Project("{FAE04EC0-301F-11D3-BF4B-00C04F79EFBC}") = "saperBadowski4c", "saperBadowski4c\saperBadowski4c.csproj", "{C6FD1E6B-FD44-481F-BF79-1CB06684A37E}"
EndProject
Global
	GlobalSection(SolutionConfigurationPlatforms) = preSolution
		Debug|Any CPU = Debug|Any CPU
		Release|Any CPU = Release|Any CPU
	EndGlobalSection
	GlobalSection(ProjectConfigurationPlatforms) = postSolution
		{C6FD1E6B-FD44-481F-BF79-1CB06684A37E}.Debug|Any CPU.ActiveCfg = Debug|Any CPU
		{C6FD1E6B-FD44-481F-BF79-1CB06684A37E}.Debug|Any CPU.Build.0 = Debug|Any CPU
		{C6FD1E6B-FD44-481F-BF79-1CB06684A37E}.Release|Any CPU.ActiveCfg = Release|Any CPU
		{C6FD1E6B-FD44-481F-BF79-1CB06684A37E}.Release|Any CPU.Build.0 = Release|Any CPU
	EndGlobalSection
	GlobalSection(SolutionProperties) = preSolution
		HideSolutionNode = FALSE
	EndGlobalSection
	GlobalSection(ExtensibilityGlobals) = postSolution
		SolutionGuid = {E6A92F25-F7E6-4F1D-A186-C8079F647FFB}
	EndGlobalSection
EndGlobal
